
Microsoft Visual Studio Solution File, Format Version 12.00
# Visual Studio 15
VisualStudioVersion = 15.0.27703.2035
MinimumVisualStudioVersion = 10.0.40219.1
Project("{FAE04EC0-301F-11D3-BF4B-00C04F79EFBC}") = "HumaneSociety", "HumaneSociety\HumaneSociety.csproj", "{0580B133-BBD8-44D2-8137-80337B042BBB}"
EndProject
Project("{FAE04EC0-301F-11D3-BF4B-00C04F79EFBC}") = "HumaneSocietyUnitTest", "HumaneSocietyUnitTest\HumaneSocietyUnitTest.csproj", "{6DFD2BDD-BB06-42A4-AD0B-1CBB9949273A}"
EndProject
Global
	GlobalSection(SolutionConfigurationPlatforms) = preSolution
		Debug|Any CPU = Debug|Any CPU
		Release|Any CPU = Release|Any CPU
	EndGlobalSection
	GlobalSection(ProjectConfigurationPlatforms) = postSolution
		{0580B133-BBD8-44D2-8137-80337B042BBB}.Debug|Any CPU.ActiveCfg = Debug|Any CPU
		{0580B133-BBD8-44D2-8137-80337B042BBB}.Debug|Any CPU.Build.0 = Debug|Any CPU
		{0580B133-BBD8-44D2-8137-80337B042BBB}.Release|Any CPU.ActiveCfg = Release|Any CPU
		{0580B133-BBD8-44D2-8137-80337B042BBB}.Release|Any CPU.Build.0 = Release|Any CPU
		{6DFD2BDD-BB06-42A4-AD0B-1CBB9949273A}.Debug|Any CPU.ActiveCfg = Debug|Any CPU
		{6DFD2BDD-BB06-42A4-AD0B-1CBB9949273A}.Debug|Any CPU.Build.0 = Debug|Any CPU
		{6DFD2BDD-BB06-42A4-AD0B-1CBB9949273A}.Release|Any CPU.ActiveCfg = Release|Any CPU
		{6DFD2BDD-BB06-42A4-AD0B-1CBB9949273A}.Release|Any CPU.Build.0 = Release|Any CPU
	EndGlobalSection
	GlobalSection(SolutionProperties) = preSolution
		HideSolutionNode = FALSE
	EndGlobalSection
	GlobalSection(ExtensibilityGlobals) = postSolution
		SolutionGuid = {33238411-CE1C-4EEE-9523-B68F9A1330D5}
	EndGlobalSection
EndGlobal
